
Microsoft Visual Studio Solution File, Format Version 12.00
# Visual Studio Version 16
VisualStudioVersion = 16.0.31613.86
MinimumVisualStudioVersion = 10.0.40219.1
Project("{9A19103F-16F7-4668-BE54-9A1E7A4F7556}") = "EzarisHomeApi", "EzarisHomeApi.csproj", "{9C1359FA-D175-4B88-80A0-8F36902061CB}"
EndProject
Project("{9A19103F-16F7-4668-BE54-9A1E7A4F7556}") = "EzarisHomeTest", "..\EzarisHomeTest\EzarisHomeTest.csproj", "{164493A8-A24D-426C-8F01-AAF87921B8CD}"
EndProject
Project("{FAE04EC0-301F-11D3-BF4B-00C04F79EFBC}") = "EzarisHomeWeb", "..\EzarisHomeWeb\EzarisHomeWeb.csproj", "{6A7403D3-B478-4233-8420-3BB829B3075D}"
EndProject
Global
	GlobalSection(SolutionConfigurationPlatforms) = preSolution
		Debug|Any CPU = Debug|Any CPU
		Release|Any CPU = Release|Any CPU
	EndGlobalSection
	GlobalSection(ProjectConfigurationPlatforms) = postSolution
		{9C1359FA-D175-4B88-80A0-8F36902061CB}.Debug|Any CPU.ActiveCfg = Debug|Any CPU
		{9C1359FA-D175-4B88-80A0-8F36902061CB}.Debug|Any CPU.Build.0 = Debug|Any CPU
		{9C1359FA-D175-4B88-80A0-8F36902061CB}.Release|Any CPU.ActiveCfg = Release|Any CPU
		{9C1359FA-D175-4B88-80A0-8F36902061CB}.Release|Any CPU.Build.0 = Release|Any CPU
		{164493A8-A24D-426C-8F01-AAF87921B8CD}.Debug|Any CPU.ActiveCfg = Debug|Any CPU
		{164493A8-A24D-426C-8F01-AAF87921B8CD}.Debug|Any CPU.Build.0 = Debug|Any CPU
		{164493A8-A24D-426C-8F01-AAF87921B8CD}.Release|Any CPU.ActiveCfg = Release|Any CPU
		{164493A8-A24D-426C-8F01-AAF87921B8CD}.Release|Any CPU.Build.0 = Release|Any CPU
		{6A7403D3-B478-4233-8420-3BB829B3075D}.Debug|Any CPU.ActiveCfg = Debug|Any CPU
		{6A7403D3-B478-4233-8420-3BB829B3075D}.Debug|Any CPU.Build.0 = Debug|Any CPU
		{6A7403D3-B478-4233-8420-3BB829B3075D}.Release|Any CPU.ActiveCfg = Release|Any CPU
		{6A7403D3-B478-4233-8420-3BB829B3075D}.Release|Any CPU.Build.0 = Release|Any CPU
	EndGlobalSection
	GlobalSection(SolutionProperties) = preSolution
		HideSolutionNode = FALSE
	EndGlobalSection
	GlobalSection(ExtensibilityGlobals) = postSolution
		SolutionGuid = {8D69D963-9FC0-4148-A639-41943598428A}
	EndGlobalSection
EndGlobal
